
Microsoft Visual Studio Solution File, Format Version 12.00
# Visual Studio 14
VisualStudioVersion = 14.0.25123.0
MinimumVisualStudioVersion = 10.0.40219.1
Project("{FAE04EC0-301F-11D3-BF4B-00C04F79EFBC}") = "SunShineStore", "SunShineStore\SunShineStore.csproj", "{414A7EB2-C338-4936-AC85-6AB1F8E69678}"
EndProject
Project("{2150E333-8FDC-42A3-9474-1A3956D46DE8}") = "1(展现层)", "1(展现层)", "{710843E4-EC21-45FC-996C-B4BC5761FD6A}"
EndProject
Project("{2150E333-8FDC-42A3-9474-1A3956D46DE8}") = "商城-前台", "商城-前台", "{32591BCD-45E4-4449-9C10-190C74A9DA38}"
EndProject
Project("{2150E333-8FDC-42A3-9474-1A3956D46DE8}") = "商城-后台", "商城-后台", "{EA48ECA1-59F2-4EE0-B35E-DB7DA3A4EFCE}"
EndProject
Project("{2150E333-8FDC-42A3-9474-1A3956D46DE8}") = "前台页面展示", "前台页面展示", "{95F39173-8A0C-4841-B7CA-56C8B63D9B12}"
EndProject
Project("{FAE04EC0-301F-11D3-BF4B-00C04F79EFBC}") = "SunShineStore.Services.Show.Entity", "SunShineStore.Services.Show.Entity\SunShineStore.Services.Show.Entity.csproj", "{7721A931-63A6-4808-B276-BE428F980D85}"
EndProject
Project("{2150E333-8FDC-42A3-9474-1A3956D46DE8}") = "基础层", "基础层", "{2479DE94-D8FE-4C84-8E34-E697E0C6D803}"
EndProject
Project("{FAE04EC0-301F-11D3-BF4B-00C04F79EFBC}") = "Strore_Common", "Strore_Common\Strore_Common.csproj", "{4C21E752-ED47-48A2-997C-130EDEEDDE38}"
EndProject
Project("{2150E333-8FDC-42A3-9474-1A3956D46DE8}") = "商城通用", "商城通用", "{0DA45C2C-2FCD-4D86-960A-D9F6C7655E97}"
EndProject
Project("{2150E333-8FDC-42A3-9474-1A3956D46DE8}") = "微信", "微信", "{1ED1183E-CBF1-4966-BB13-0608DCDC2590}"
EndProject
Project("{2150E333-8FDC-42A3-9474-1A3956D46DE8}") = "支付宝", "支付宝", "{A5AD6D1E-A9CE-48EC-BEFF-39BAA277CC89}"
EndProject
Project("{FAE04EC0-301F-11D3-BF4B-00C04F79EFBC}") = "Store.ZfbPay", "Store.ZfbPay\Store.ZfbPay.csproj", "{45C45716-F88B-45EF-82D1-E2AB934087B1}"
EndProject
Project("{2150E333-8FDC-42A3-9474-1A3956D46DE8}") = "商城-论坛", "商城-论坛", "{767625A7-7383-4A42-9B99-58F19F091C77}"
EndProject
Project("{FAE04EC0-301F-11D3-BF4B-00C04F79EFBC}") = "SunShineStore.BBS", "SunShineStore\Areas\StoreBBS\SunShineStore.BBS.csproj", "{2F423359-28B2-4796-9F50-A3DDDDA6BCBB}"
EndProject
Project("{FAE04EC0-301F-11D3-BF4B-00C04F79EFBC}") = "SunShineStore.Show", "SunShineStore\Areas\StoreShow\SunShineStore.Show.csproj", "{0668CCB6-196E-409A-AA24-0897E1823505}"
EndProject
Project("{FAE04EC0-301F-11D3-BF4B-00C04F79EFBC}") = "Store.WxProject", "SunShineStore\Areas\WxProject\Store.WxProject.csproj", "{3D2D70C4-C870-4718-8216-1DD1AD16C743}"
EndProject
Project("{2150E333-8FDC-42A3-9474-1A3956D46DE8}") = "微信通用模块", "微信通用模块", "{0D8A59EB-C8A4-4CEA-9FAC-7D8312CE9B73}"
EndProject
Project("{FAE04EC0-301F-11D3-BF4B-00C04F79EFBC}") = "SunShineStore.WxCommonEntity", "SunShineStore.WxCommonEntity\SunShineStore.WxCommonEntity.csproj", "{A50DA887-F08C-42F4-9702-1CE1B3C8567E}"
EndProject
Project("{FAE04EC0-301F-11D3-BF4B-00C04F79EFBC}") = "SunShineStore.WxCommonDTO", "SunShineStore.WxCommonDTO\SunShineStore.WxCommonDTO.csproj", "{22745CC7-27D9-4FA6-9E7E-0894B1B90BD7}"
EndProject
Project("{FAE04EC0-301F-11D3-BF4B-00C04F79EFBC}") = "Strore_Data", "Strore_Data\Strore_Data.csproj", "{B26B39F7-467F-465E-A20F-DDD6532259F8}"
EndProject
Project("{FAE04EC0-301F-11D3-BF4B-00C04F79EFBC}") = "SunShineStore.WxCommonService.Interface", "SunShineStore.WxCommonService.Interface\SunShineStore.WxCommonService.Interface.csproj", "{EF324BBC-051C-4112-BAFF-B42EF246D7FD}"
EndProject
Project("{FAE04EC0-301F-11D3-BF4B-00C04F79EFBC}") = "SunShineStore.WxCommonService.Impl", "SunShineStore.WxCommonService.Impl\SunShineStore.WxCommonService.Impl.csproj", "{72CD21DF-70D8-44BD-9D5E-E5E1A60D586D}"
EndProject
Project("{FAE04EC0-301F-11D3-BF4B-00C04F79EFBC}") = "SunShineStoreApi", "Services\SunShineStoreApi\SunShineStoreApi.csproj", "{7C367613-825A-473D-967E-A78EFAD8619A}"
EndProject
Project("{2150E333-8FDC-42A3-9474-1A3956D46DE8}") = "2(服务层)", "2(服务层)", "{BC486442-7D48-4DA0-ABE6-2A9C9CC13290}"
EndProject
Project("{FAE04EC0-301F-11D3-BF4B-00C04F79EFBC}") = "Store.BaseDTO", "Store.BaseDTO\Store.BaseDTO.csproj", "{6B4D5822-9097-49AF-9105-169967C24058}"
EndProject
Project("{FAE04EC0-301F-11D3-BF4B-00C04F79EFBC}") = "SunShineStoreWap", "SunShineStoreWap\SunShineStoreWap.csproj", "{E73AD4B2-E151-4307-A7CB-09956FF48405}"
EndProject
Project("{FAE04EC0-301F-11D3-BF4B-00C04F79EFBC}") = "SunStore_Web", "SunStore_Web\SunStore_Web.csproj", "{39F298BB-A8B2-48BD-BF86-CFCF81BDC12B}"
EndProject
Project("{2150E333-8FDC-42A3-9474-1A3956D46DE8}") = "用户", "用户", "{A699F2E8-A653-45A0-BE5A-8F561962DB66}"
EndProject
Project("{FAE04EC0-301F-11D3-BF4B-00C04F79EFBC}") = "SunShineStore.CustomerDTO", "SunShineStore.CustomerLoginDTO\SunShineStore.CustomerDTO.csproj", "{39078776-1267-4B9C-AD74-A01C35C0822A}"
EndProject
Project("{FAE04EC0-301F-11D3-BF4B-00C04F79EFBC}") = "SunShineStore.CustomerEntity", "SunShineStore.CustomerEntity\SunShineStore.CustomerEntity.csproj", "{C97B212D-26F1-4EFA-A0C1-C3CF4C02540A}"
EndProject
Project("{2150E333-8FDC-42A3-9474-1A3956D46DE8}") = "WAP", "WAP", "{B270B882-AEC9-45F0-8F86-AEDFFDED9D35}"
EndProject
Project("{FAE04EC0-301F-11D3-BF4B-00C04F79EFBC}") = "SunShineStore.Wap.Customer", "SunShineStoreWap\Areas\WapLogin\SunShineStore.Wap.Customer.csproj", "{2F764FF4-4A85-49E8-AFE8-37954E6F1C06}"
EndProject
Project("{2150E333-8FDC-42A3-9474-1A3956D46DE8}") = "WEB", "WEB", "{C4050AA6-5BD6-4B0D-89C5-F1B9C07B8C5C}"
EndProject
Project("{FAE04EC0-301F-11D3-BF4B-00C04F79EFBC}") = "SunShineStore.Customer.Impl", "SunShineStore.Customer.Impl\SunShineStore.Customer.Impl.csproj", "{F1E608A5-19AD-44F9-A3FC-A2E8AEF010E3}"
EndProject
Project("{FAE04EC0-301F-11D3-BF4B-00C04F79EFBC}") = "SunShineStore.Customer.Interface", "SunShineStore.Customer.Interface\SunShineStore.Customer.Interface.csproj", "{8CD2D85B-C9D7-45D1-BABC-A9AE4FCE7D46}"
EndProject
Project("{FAE04EC0-301F-11D3-BF4B-00C04F79EFBC}") = "SunShineStore.Customer.Enum", "SunShineStore.Customer.Enum\SunShineStore.Customer.Enum.csproj", "{E5F722CF-FE69-4D8C-BE24-2622CC0E1286}"
EndProject
Project("{FAE04EC0-301F-11D3-BF4B-00C04F79EFBC}") = "Store_FrameWork", "Store_FrameWork\Store_FrameWork.csproj", "{A54C7150-A992-4113-B9B2-536B103C060C}"
EndProject
Project("{2150E333-8FDC-42A3-9474-1A3956D46DE8}") = "WapWxpay", "WapWxpay", "{FFB6A480-3B3E-44D1-AB8E-5349B43F895D}"
EndProject
Project("{FAE04EC0-301F-11D3-BF4B-00C04F79EFBC}") = "SunShineStore.Wap.WxPay", "SunShineStoreWap\Areas\WapWxpay\SunShineStore.Wap.WxPay.csproj", "{11D1F222-FE77-4D0F-BB66-884B98878FDD}"
EndProject
Project("{FAE04EC0-301F-11D3-BF4B-00C04F79EFBC}") = "SunShineStore.WxCommonEnum", "SunShineStore.WxCommonEnum\SunShineStore.WxCommonEnum.csproj", "{68132286-F3CA-4C7D-95C7-D1F6A02C43FB}"
EndProject
Project("{FAE04EC0-301F-11D3-BF4B-00C04F79EFBC}") = "SunShineStore.Wap.WxProject", "SunShineStoreWap\Areas\WapWxProject\SunShineStore.Wap.WxProject.csproj", "{4DDCF428-4430-4186-99D3-5A9189A7A928}"
EndProject
Project("{FAE04EC0-301F-11D3-BF4B-00C04F79EFBC}") = "Store_Framework_Domain", "Store_Framework_Domain\Store_Framework_Domain.csproj", "{4DA8BFA9-7DA0-464C-9ABD-C073F0538F6C}"
EndProject
Global
	GlobalSection(SolutionConfigurationPlatforms) = preSolution
		Debug|Any CPU = Debug|Any CPU
		Release|Any CPU = Release|Any CPU
	EndGlobalSection
	GlobalSection(ProjectConfigurationPlatforms) = postSolution
		{414A7EB2-C338-4936-AC85-6AB1F8E69678}.Debug|Any CPU.ActiveCfg = Debug|Any CPU
		{414A7EB2-C338-4936-AC85-6AB1F8E69678}.Debug|Any CPU.Build.0 = Debug|Any CPU
		{414A7EB2-C338-4936-AC85-6AB1F8E69678}.Release|Any CPU.ActiveCfg = Release|Any CPU
		{414A7EB2-C338-4936-AC85-6AB1F8E69678}.Release|Any CPU.Build.0 = Release|Any CPU
		{7721A931-63A6-4808-B276-BE428F980D85}.Debug|Any CPU.ActiveCfg = Debug|Any CPU
		{7721A931-63A6-4808-B276-BE428F980D85}.Debug|Any CPU.Build.0 = Debug|Any CPU
		{7721A931-63A6-4808-B276-BE428F980D85}.Release|Any CPU.ActiveCfg = Release|Any CPU
		{7721A931-63A6-4808-B276-BE428F980D85}.Release|Any CPU.Build.0 = Release|Any CPU
		{4C21E752-ED47-48A2-997C-130EDEEDDE38}.Debug|Any CPU.ActiveCfg = Debug|Any CPU
		{4C21E752-ED47-48A2-997C-130EDEEDDE38}.Debug|Any CPU.Build.0 = Debug|Any CPU
		{4C21E752-ED47-48A2-997C-130EDEEDDE38}.Release|Any CPU.ActiveCfg = Release|Any CPU
		{4C21E752-ED47-48A2-997C-130EDEEDDE38}.Release|Any CPU.Build.0 = Release|Any CPU
		{45C45716-F88B-45EF-82D1-E2AB934087B1}.Debug|Any CPU.ActiveCfg = Debug|Any CPU
		{45C45716-F88B-45EF-82D1-E2AB934087B1}.Debug|Any CPU.Build.0 = Debug|Any CPU
		{45C45716-F88B-45EF-82D1-E2AB934087B1}.Release|Any CPU.ActiveCfg = Release|Any CPU
		{45C45716-F88B-45EF-82D1-E2AB934087B1}.Release|Any CPU.Build.0 = Release|Any CPU
		{2F423359-28B2-4796-9F50-A3DDDDA6BCBB}.Debug|Any CPU.ActiveCfg = Debug|Any CPU
		{2F423359-28B2-4796-9F50-A3DDDDA6BCBB}.Debug|Any CPU.Build.0 = Debug|Any CPU
		{2F423359-28B2-4796-9F50-A3DDDDA6BCBB}.Release|Any CPU.ActiveCfg = Release|Any CPU
		{2F423359-28B2-4796-9F50-A3DDDDA6BCBB}.Release|Any CPU.Build.0 = Release|Any CPU
		{0668CCB6-196E-409A-AA24-0897E1823505}.Debug|Any CPU.ActiveCfg = Debug|Any CPU
		{0668CCB6-196E-409A-AA24-0897E1823505}.Debug|Any CPU.Build.0 = Debug|Any CPU
		{0668CCB6-196E-409A-AA24-0897E1823505}.Release|Any CPU.ActiveCfg = Release|Any CPU
		{0668CCB6-196E-409A-AA24-0897E1823505}.Release|Any CPU.Build.0 = Release|Any CPU
		{3D2D70C4-C870-4718-8216-1DD1AD16C743}.Debug|Any CPU.ActiveCfg = Debug|Any CPU
		{3D2D70C4-C870-4718-8216-1DD1AD16C743}.Debug|Any CPU.Build.0 = Debug|Any CPU
		{3D2D70C4-C870-4718-8216-1DD1AD16C743}.Release|Any CPU.ActiveCfg = Release|Any CPU
		{3D2D70C4-C870-4718-8216-1DD1AD16C743}.Release|Any CPU.Build.0 = Release|Any CPU
		{A50DA887-F08C-42F4-9702-1CE1B3C8567E}.Debug|Any CPU.ActiveCfg = Debug|Any CPU
		{A50DA887-F08C-42F4-9702-1CE1B3C8567E}.Debug|Any CPU.Build.0 = Debug|Any CPU
		{A50DA887-F08C-42F4-9702-1CE1B3C8567E}.Release|Any CPU.ActiveCfg = Release|Any CPU
		{A50DA887-F08C-42F4-9702-1CE1B3C8567E}.Release|Any CPU.Build.0 = Release|Any CPU
		{22745CC7-27D9-4FA6-9E7E-0894B1B90BD7}.Debug|Any CPU.ActiveCfg = Debug|Any CPU
		{22745CC7-27D9-4FA6-9E7E-0894B1B90BD7}.Debug|Any CPU.Build.0 = Debug|Any CPU
		{22745CC7-27D9-4FA6-9E7E-0894B1B90BD7}.Release|Any CPU.ActiveCfg = Release|Any CPU
		{22745CC7-27D9-4FA6-9E7E-0894B1B90BD7}.Release|Any CPU.Build.0 = Release|Any CPU
		{B26B39F7-467F-465E-A20F-DDD6532259F8}.Debug|Any CPU.ActiveCfg = Debug|Any CPU
		{B26B39F7-467F-465E-A20F-DDD6532259F8}.Debug|Any CPU.Build.0 = Debug|Any CPU
		{B26B39F7-467F-465E-A20F-DDD6532259F8}.Release|Any CPU.ActiveCfg = Release|Any CPU
		{B26B39F7-467F-465E-A20F-DDD6532259F8}.Release|Any CPU.Build.0 = Release|Any CPU
		{EF324BBC-051C-4112-BAFF-B42EF246D7FD}.Debug|Any CPU.ActiveCfg = Debug|Any CPU
		{EF324BBC-051C-4112-BAFF-B42EF246D7FD}.Debug|Any CPU.Build.0 = Debug|Any CPU
		{EF324BBC-051C-4112-BAFF-B42EF246D7FD}.Release|Any CPU.ActiveCfg = Release|Any CPU
		{EF324BBC-051C-4112-BAFF-B42EF246D7FD}.Release|Any CPU.Build.0 = Release|Any CPU
		{72CD21DF-70D8-44BD-9D5E-E5E1A60D586D}.Debug|Any CPU.ActiveCfg = Debug|Any CPU
		{72CD21DF-70D8-44BD-9D5E-E5E1A60D586D}.Debug|Any CPU.Build.0 = Debug|Any CPU
		{72CD21DF-70D8-44BD-9D5E-E5E1A60D586D}.Release|Any CPU.ActiveCfg = Release|Any CPU
		{72CD21DF-70D8-44BD-9D5E-E5E1A60D586D}.Release|Any CPU.Build.0 = Release|Any CPU
		{7C367613-825A-473D-967E-A78EFAD8619A}.Debug|Any CPU.ActiveCfg = Debug|Any CPU
		{7C367613-825A-473D-967E-A78EFAD8619A}.Debug|Any CPU.Build.0 = Debug|Any CPU
		{7C367613-825A-473D-967E-A78EFAD8619A}.Release|Any CPU.ActiveCfg = Release|Any CPU
		{7C367613-825A-473D-967E-A78EFAD8619A}.Release|Any CPU.Build.0 = Release|Any CPU
		{6B4D5822-9097-49AF-9105-169967C24058}.Debug|Any CPU.ActiveCfg = Debug|Any CPU
		{6B4D5822-9097-49AF-9105-169967C24058}.Debug|Any CPU.Build.0 = Debug|Any CPU
		{6B4D5822-9097-49AF-9105-169967C24058}.Release|Any CPU.ActiveCfg = Release|Any CPU
		{6B4D5822-9097-49AF-9105-169967C24058}.Release|Any CPU.Build.0 = Release|Any CPU
		{E73AD4B2-E151-4307-A7CB-09956FF48405}.Debug|Any CPU.ActiveCfg = Debug|Any CPU
		{E73AD4B2-E151-4307-A7CB-09956FF48405}.Debug|Any CPU.Build.0 = Debug|Any CPU
		{E73AD4B2-E151-4307-A7CB-09956FF48405}.Release|Any CPU.ActiveCfg = Release|Any CPU
		{E73AD4B2-E151-4307-A7CB-09956FF48405}.Release|Any CPU.Build.0 = Release|Any CPU
		{39F298BB-A8B2-48BD-BF86-CFCF81BDC12B}.Debug|Any CPU.ActiveCfg = Debug|Any CPU
		{39F298BB-A8B2-48BD-BF86-CFCF81BDC12B}.Debug|Any CPU.Build.0 = Debug|Any CPU
		{39F298BB-A8B2-48BD-BF86-CFCF81BDC12B}.Release|Any CPU.ActiveCfg = Release|Any CPU
		{39F298BB-A8B2-48BD-BF86-CFCF81BDC12B}.Release|Any CPU.Build.0 = Release|Any CPU
		{39078776-1267-4B9C-AD74-A01C35C0822A}.Debug|Any CPU.ActiveCfg = Debug|Any CPU
		{39078776-1267-4B9C-AD74-A01C35C0822A}.Debug|Any CPU.Build.0 = Debug|Any CPU
		{39078776-1267-4B9C-AD74-A01C35C0822A}.Release|Any CPU.ActiveCfg = Release|Any CPU
		{39078776-1267-4B9C-AD74-A01C35C0822A}.Release|Any CPU.Build.0 = Release|Any CPU
		{C97B212D-26F1-4EFA-A0C1-C3CF4C02540A}.Debug|Any CPU.ActiveCfg = Debug|Any CPU
		{C97B212D-26F1-4EFA-A0C1-C3CF4C02540A}.Debug|Any CPU.Build.0 = Debug|Any CPU
		{C97B212D-26F1-4EFA-A0C1-C3CF4C02540A}.Release|Any CPU.ActiveCfg = Release|Any CPU
		{C97B212D-26F1-4EFA-A0C1-C3CF4C02540A}.Release|Any CPU.Build.0 = Release|Any CPU
		{2F764FF4-4A85-49E8-AFE8-37954E6F1C06}.Debug|Any CPU.ActiveCfg = Debug|Any CPU
		{2F764FF4-4A85-49E8-AFE8-37954E6F1C06}.Debug|Any CPU.Build.0 = Debug|Any CPU
		{2F764FF4-4A85-49E8-AFE8-37954E6F1C06}.Release|Any CPU.ActiveCfg = Release|Any CPU
		{2F764FF4-4A85-49E8-AFE8-37954E6F1C06}.Release|Any CPU.Build.0 = Release|Any CPU
		{F1E608A5-19AD-44F9-A3FC-A2E8AEF010E3}.Debug|Any CPU.ActiveCfg = Debug|Any CPU
		{F1E608A5-19AD-44F9-A3FC-A2E8AEF010E3}.Debug|Any CPU.Build.0 = Debug|Any CPU
		{F1E608A5-19AD-44F9-A3FC-A2E8AEF010E3}.Release|Any CPU.ActiveCfg = Release|Any CPU
		{F1E608A5-19AD-44F9-A3FC-A2E8AEF010E3}.Release|Any CPU.Build.0 = Release|Any CPU
		{8CD2D85B-C9D7-45D1-BABC-A9AE4FCE7D46}.Debug|Any CPU.ActiveCfg = Debug|Any CPU
		{8CD2D85B-C9D7-45D1-BABC-A9AE4FCE7D46}.Debug|Any CPU.Build.0 = Debug|Any CPU
		{8CD2D85B-C9D7-45D1-BABC-A9AE4FCE7D46}.Release|Any CPU.ActiveCfg = Release|Any CPU
		{8CD2D85B-C9D7-45D1-BABC-A9AE4FCE7D46}.Release|Any CPU.Build.0 = Release|Any CPU
		{E5F722CF-FE69-4D8C-BE24-2622CC0E1286}.Debug|Any CPU.ActiveCfg = Debug|Any CPU
		{E5F722CF-FE69-4D8C-BE24-2622CC0E1286}.Debug|Any CPU.Build.0 = Debug|Any CPU
		{E5F722CF-FE69-4D8C-BE24-2622CC0E1286}.Release|Any CPU.ActiveCfg = Release|Any CPU
		{E5F722CF-FE69-4D8C-BE24-2622CC0E1286}.Release|Any CPU.Build.0 = Release|Any CPU
		{A54C7150-A992-4113-B9B2-536B103C060C}.Debug|Any CPU.ActiveCfg = Debug|Any CPU
		{A54C7150-A992-4113-B9B2-536B103C060C}.Debug|Any CPU.Build.0 = Debug|Any CPU
		{A54C7150-A992-4113-B9B2-536B103C060C}.Release|Any CPU.ActiveCfg = Release|Any CPU
		{A54C7150-A992-4113-B9B2-536B103C060C}.Release|Any CPU.Build.0 = Release|Any CPU
		{11D1F222-FE77-4D0F-BB66-884B98878FDD}.Debug|Any CPU.ActiveCfg = Debug|Any CPU
		{11D1F222-FE77-4D0F-BB66-884B98878FDD}.Debug|Any CPU.Build.0 = Debug|Any CPU
		{11D1F222-FE77-4D0F-BB66-884B98878FDD}.Release|Any CPU.ActiveCfg = Release|Any CPU
		{11D1F222-FE77-4D0F-BB66-884B98878FDD}.Release|Any CPU.Build.0 = Release|Any CPU
		{68132286-F3CA-4C7D-95C7-D1F6A02C43FB}.Debug|Any CPU.ActiveCfg = Debug|Any CPU
		{68132286-F3CA-4C7D-95C7-D1F6A02C43FB}.Debug|Any CPU.Build.0 = Debug|Any CPU
		{68132286-F3CA-4C7D-95C7-D1F6A02C43FB}.Release|Any CPU.ActiveCfg = Release|Any CPU
		{68132286-F3CA-4C7D-95C7-D1F6A02C43FB}.Release|Any CPU.Build.0 = Release|Any CPU
		{4DDCF428-4430-4186-99D3-5A9189A7A928}.Debug|Any CPU.ActiveCfg = Debug|Any CPU
		{4DDCF428-4430-4186-99D3-5A9189A7A928}.Debug|Any CPU.Build.0 = Debug|Any CPU
		{4DDCF428-4430-4186-99D3-5A9189A7A928}.Release|Any CPU.ActiveCfg = Release|Any CPU
		{4DDCF428-4430-4186-99D3-5A9189A7A928}.Release|Any CPU.Build.0 = Release|Any CPU
		{4DA8BFA9-7DA0-464C-9ABD-C073F0538F6C}.Debug|Any CPU.ActiveCfg = Debug|Any CPU
		{4DA8BFA9-7DA0-464C-9ABD-C073F0538F6C}.Debug|Any CPU.Build.0 = Debug|Any CPU
		{4DA8BFA9-7DA0-464C-9ABD-C073F0538F6C}.Release|Any CPU.ActiveCfg = Release|Any CPU
		{4DA8BFA9-7DA0-464C-9ABD-C073F0538F6C}.Release|Any CPU.Build.0 = Release|Any CPU
	EndGlobalSection
	GlobalSection(SolutionProperties) = preSolution
		HideSolutionNode = FALSE
	EndGlobalSection
	GlobalSection(NestedProjects) = preSolution
		{414A7EB2-C338-4936-AC85-6AB1F8E69678} = {710843E4-EC21-45FC-996C-B4BC5761FD6A}
		{32591BCD-45E4-4449-9C10-190C74A9DA38} = {710843E4-EC21-45FC-996C-B4BC5761FD6A}
		{EA48ECA1-59F2-4EE0-B35E-DB7DA3A4EFCE} = {710843E4-EC21-45FC-996C-B4BC5761FD6A}
		{95F39173-8A0C-4841-B7CA-56C8B63D9B12} = {32591BCD-45E4-4449-9C10-190C74A9DA38}
		{7721A931-63A6-4808-B276-BE428F980D85} = {95F39173-8A0C-4841-B7CA-56C8B63D9B12}
		{4C21E752-ED47-48A2-997C-130EDEEDDE38} = {2479DE94-D8FE-4C84-8E34-E697E0C6D803}
		{0DA45C2C-2FCD-4D86-960A-D9F6C7655E97} = {710843E4-EC21-45FC-996C-B4BC5761FD6A}
		{1ED1183E-CBF1-4966-BB13-0608DCDC2590} = {0DA45C2C-2FCD-4D86-960A-D9F6C7655E97}
		{A5AD6D1E-A9CE-48EC-BEFF-39BAA277CC89} = {0DA45C2C-2FCD-4D86-960A-D9F6C7655E97}
		{45C45716-F88B-45EF-82D1-E2AB934087B1} = {A5AD6D1E-A9CE-48EC-BEFF-39BAA277CC89}
		{767625A7-7383-4A42-9B99-58F19F091C77} = {32591BCD-45E4-4449-9C10-190C74A9DA38}
		{2F423359-28B2-4796-9F50-A3DDDDA6BCBB} = {767625A7-7383-4A42-9B99-58F19F091C77}
		{0668CCB6-196E-409A-AA24-0897E1823505} = {95F39173-8A0C-4841-B7CA-56C8B63D9B12}
		{3D2D70C4-C870-4718-8216-1DD1AD16C743} = {1ED1183E-CBF1-4966-BB13-0608DCDC2590}
		{0D8A59EB-C8A4-4CEA-9FAC-7D8312CE9B73} = {1ED1183E-CBF1-4966-BB13-0608DCDC2590}
		{A50DA887-F08C-42F4-9702-1CE1B3C8567E} = {0D8A59EB-C8A4-4CEA-9FAC-7D8312CE9B73}
		{22745CC7-27D9-4FA6-9E7E-0894B1B90BD7} = {0D8A59EB-C8A4-4CEA-9FAC-7D8312CE9B73}
		{B26B39F7-467F-465E-A20F-DDD6532259F8} = {2479DE94-D8FE-4C84-8E34-E697E0C6D803}
		{EF324BBC-051C-4112-BAFF-B42EF246D7FD} = {0D8A59EB-C8A4-4CEA-9FAC-7D8312CE9B73}
		{72CD21DF-70D8-44BD-9D5E-E5E1A60D586D} = {0D8A59EB-C8A4-4CEA-9FAC-7D8312CE9B73}
		{7C367613-825A-473D-967E-A78EFAD8619A} = {710843E4-EC21-45FC-996C-B4BC5761FD6A}
		{6B4D5822-9097-49AF-9105-169967C24058} = {BC486442-7D48-4DA0-ABE6-2A9C9CC13290}
		{E73AD4B2-E151-4307-A7CB-09956FF48405} = {710843E4-EC21-45FC-996C-B4BC5761FD6A}
		{39F298BB-A8B2-48BD-BF86-CFCF81BDC12B} = {2479DE94-D8FE-4C84-8E34-E697E0C6D803}
		{A699F2E8-A653-45A0-BE5A-8F561962DB66} = {32591BCD-45E4-4449-9C10-190C74A9DA38}
		{39078776-1267-4B9C-AD74-A01C35C0822A} = {A699F2E8-A653-45A0-BE5A-8F561962DB66}
		{C97B212D-26F1-4EFA-A0C1-C3CF4C02540A} = {A699F2E8-A653-45A0-BE5A-8F561962DB66}
		{B270B882-AEC9-45F0-8F86-AEDFFDED9D35} = {A699F2E8-A653-45A0-BE5A-8F561962DB66}
		{2F764FF4-4A85-49E8-AFE8-37954E6F1C06} = {B270B882-AEC9-45F0-8F86-AEDFFDED9D35}
		{C4050AA6-5BD6-4B0D-89C5-F1B9C07B8C5C} = {A699F2E8-A653-45A0-BE5A-8F561962DB66}
		{F1E608A5-19AD-44F9-A3FC-A2E8AEF010E3} = {A699F2E8-A653-45A0-BE5A-8F561962DB66}
		{8CD2D85B-C9D7-45D1-BABC-A9AE4FCE7D46} = {A699F2E8-A653-45A0-BE5A-8F561962DB66}
		{E5F722CF-FE69-4D8C-BE24-2622CC0E1286} = {A699F2E8-A653-45A0-BE5A-8F561962DB66}
		{A54C7150-A992-4113-B9B2-536B103C060C} = {2479DE94-D8FE-4C84-8E34-E697E0C6D803}
		{FFB6A480-3B3E-44D1-AB8E-5349B43F895D} = {1ED1183E-CBF1-4966-BB13-0608DCDC2590}
		{11D1F222-FE77-4D0F-BB66-884B98878FDD} = {FFB6A480-3B3E-44D1-AB8E-5349B43F895D}
		{68132286-F3CA-4C7D-95C7-D1F6A02C43FB} = {0D8A59EB-C8A4-4CEA-9FAC-7D8312CE9B73}
		{4DDCF428-4430-4186-99D3-5A9189A7A928} = {FFB6A480-3B3E-44D1-AB8E-5349B43F895D}
		{4DA8BFA9-7DA0-464C-9ABD-C073F0538F6C} = {2479DE94-D8FE-4C84-8E34-E697E0C6D803}
	EndGlobalSection
EndGlobal
